
Microsoft Visual Studio Solution File, Format Version 12.00
# Visual Studio Version 17
VisualStudioVersion = 17.8.34408.163
MinimumVisualStudioVersion = 10.0.40219.1
Project("{FAE04EC0-301F-11D3-BF4B-00C04F79EFBC}") = "personal-information-system", "personal-information-system.csproj", "{F3FAB7A3-3B2E-415B-8A46-E5D81146E0FF}"
EndProject
Global
	GlobalSection(SolutionConfigurationPlatforms) = preSolution
		Debug|Any CPU = Debug|Any CPU
		Release|Any CPU = Release|Any CPU
	EndGlobalSection
	GlobalSection(ProjectConfigurationPlatforms) = postSolution
		{F3FAB7A3-3B2E-415B-8A46-E5D81146E0FF}.Debug|Any CPU.ActiveCfg = Debug|Any CPU
		{F3FAB7A3-3B2E-415B-8A46-E5D81146E0FF}.Debug|Any CPU.Build.0 = Debug|Any CPU
		{F3FAB7A3-3B2E-415B-8A46-E5D81146E0FF}.Release|Any CPU.ActiveCfg = Release|Any CPU
		{F3FAB7A3-3B2E-415B-8A46-E5D81146E0FF}.Release|Any CPU.Build.0 = Release|Any CPU
	EndGlobalSection
	GlobalSection(SolutionProperties) = preSolution
		HideSolutionNode = FALSE
	EndGlobalSection
	GlobalSection(ExtensibilityGlobals) = postSolution
		SolutionGuid = {B2758CF9-0AEC-420E-833A-88795D2E9D47}
	EndGlobalSection
EndGlobal
